
Microsoft Visual Studio Solution File, Format Version 12.00
# Visual Studio Version 17
VisualStudioVersion = 17.13.35825.156
MinimumVisualStudioVersion = 10.0.40219.1
Project("{FAE04EC0-301F-11D3-BF4B-00C04F79EFBC}") = "TOOTHTRACK_WEBAPI", "TOOTHTRACK_WEBAPI\TOOTHTRACK_WEBAPI.csproj", "{3527B9D1-EB0A-419A-BDDA-3DB417D7964E}"
EndProject
Project("{FAE04EC0-301F-11D3-BF4B-00C04F79EFBC}") = "MODELS", "..\MODEL\MODEL\MODELS.csproj", "{BFB696E0-E06F-F264-3135-9C906A29B15C}"
EndProject
Project("{FAE04EC0-301F-11D3-BF4B-00C04F79EFBC}") = "REPOSITORIES", "..\MODEL\REPOSITORIES\REPOSITORIES.csproj", "{6F802663-F728-9C62-1193-E0C6894269FC}"
EndProject
Project("{FAE04EC0-301F-11D3-BF4B-00C04F79EFBC}") = "SERVICES", "..\MODEL\SERVICE\SERVICES.csproj", "{A85E8069-3BBD-6394-CE84-3AD637850682}"
EndProject
Project("{FAE04EC0-301F-11D3-BF4B-00C04F79EFBC}") = "ProceduresEnums", "..\ProceduresEnums\ProceduresEnums\ProceduresEnums.csproj", "{F3CD140D-1634-C1ED-C8BB-5A46EB632CB6}"
EndProject
Global
	GlobalSection(SolutionConfigurationPlatforms) = preSolution
		Debug|Any CPU = Debug|Any CPU
		Release|Any CPU = Release|Any CPU
	EndGlobalSection
	GlobalSection(ProjectConfigurationPlatforms) = postSolution
		{3527B9D1-EB0A-419A-BDDA-3DB417D7964E}.Debug|Any CPU.ActiveCfg = Debug|Any CPU
		{3527B9D1-EB0A-419A-BDDA-3DB417D7964E}.Debug|Any CPU.Build.0 = Debug|Any CPU
		{3527B9D1-EB0A-419A-BDDA-3DB417D7964E}.Release|Any CPU.ActiveCfg = Release|Any CPU
		{3527B9D1-EB0A-419A-BDDA-3DB417D7964E}.Release|Any CPU.Build.0 = Release|Any CPU
		{BFB696E0-E06F-F264-3135-9C906A29B15C}.Debug|Any CPU.ActiveCfg = Debug|Any CPU
		{BFB696E0-E06F-F264-3135-9C906A29B15C}.Debug|Any CPU.Build.0 = Debug|Any CPU
		{BFB696E0-E06F-F264-3135-9C906A29B15C}.Release|Any CPU.ActiveCfg = Release|Any CPU
		{BFB696E0-E06F-F264-3135-9C906A29B15C}.Release|Any CPU.Build.0 = Release|Any CPU
		{6F802663-F728-9C62-1193-E0C6894269FC}.Debug|Any CPU.ActiveCfg = Debug|Any CPU
		{6F802663-F728-9C62-1193-E0C6894269FC}.Debug|Any CPU.Build.0 = Debug|Any CPU
		{6F802663-F728-9C62-1193-E0C6894269FC}.Release|Any CPU.ActiveCfg = Release|Any CPU
		{6F802663-F728-9C62-1193-E0C6894269FC}.Release|Any CPU.Build.0 = Release|Any CPU
		{A85E8069-3BBD-6394-CE84-3AD637850682}.Debug|Any CPU.ActiveCfg = Debug|Any CPU
		{A85E8069-3BBD-6394-CE84-3AD637850682}.Debug|Any CPU.Build.0 = Debug|Any CPU
		{A85E8069-3BBD-6394-CE84-3AD637850682}.Release|Any CPU.ActiveCfg = Release|Any CPU
		{A85E8069-3BBD-6394-CE84-3AD637850682}.Release|Any CPU.Build.0 = Release|Any CPU
		{F3CD140D-1634-C1ED-C8BB-5A46EB632CB6}.Debug|Any CPU.ActiveCfg = Debug|Any CPU
		{F3CD140D-1634-C1ED-C8BB-5A46EB632CB6}.Debug|Any CPU.Build.0 = Debug|Any CPU
		{F3CD140D-1634-C1ED-C8BB-5A46EB632CB6}.Release|Any CPU.ActiveCfg = Release|Any CPU
		{F3CD140D-1634-C1ED-C8BB-5A46EB632CB6}.Release|Any CPU.Build.0 = Release|Any CPU
	EndGlobalSection
	GlobalSection(SolutionProperties) = preSolution
		HideSolutionNode = FALSE
	EndGlobalSection
	GlobalSection(ExtensibilityGlobals) = postSolution
		SolutionGuid = {48B7C5D9-DBDA-4ED9-B134-13999205E7D1}
	EndGlobalSection
EndGlobal
